
Microsoft Visual Studio Solution File, Format Version 12.00
# Visual Studio Version 17
VisualStudioVersion = 17.0.31903.59
MinimumVisualStudioVersion = 10.0.40219.1
Project("{FAE04EC0-301F-11D3-BF4B-00C04F79EFBC}") = "MiniCloudNote.API", "MiniCloudNote.API\MiniCloudNote.API.csproj", "{41CECA0D-417F-4718-8768-050AF176721A}"
EndProject
Project("{FAE04EC0-301F-11D3-BF4B-00C04F79EFBC}") = "MiniCloudNote.Core", "MiniCloudNote.Core\MiniCloudNote.Core.csproj", "{31C07A55-E738-4F71-8C04-4AD44698F3DC}"
EndProject
Project("{FAE04EC0-301F-11D3-BF4B-00C04F79EFBC}") = "MiniCloudNote.Infrastructure", "MiniCloudNote.Infrastructure\MiniCloudNote.Infrastructure.csproj", "{0FBD5045-9F74-4087-967F-61A973321993}"
EndProject
Global
	GlobalSection(SolutionConfigurationPlatforms) = preSolution
		Debug|Any CPU = Debug|Any CPU
		Debug|x64 = Debug|x64
		Debug|x86 = Debug|x86
		Release|Any CPU = Release|Any CPU
		Release|x64 = Release|x64
		Release|x86 = Release|x86
	EndGlobalSection
	GlobalSection(ProjectConfigurationPlatforms) = postSolution
		{41CECA0D-417F-4718-8768-050AF176721A}.Debug|Any CPU.ActiveCfg = Debug|Any CPU
		{41CECA0D-417F-4718-8768-050AF176721A}.Debug|Any CPU.Build.0 = Debug|Any CPU
		{41CECA0D-417F-4718-8768-050AF176721A}.Debug|x64.ActiveCfg = Debug|Any CPU
		{41CECA0D-417F-4718-8768-050AF176721A}.Debug|x64.Build.0 = Debug|Any CPU
		{41CECA0D-417F-4718-8768-050AF176721A}.Debug|x86.ActiveCfg = Debug|Any CPU
		{41CECA0D-417F-4718-8768-050AF176721A}.Debug|x86.Build.0 = Debug|Any CPU
		{41CECA0D-417F-4718-8768-050AF176721A}.Release|Any CPU.ActiveCfg = Release|Any CPU
		{41CECA0D-417F-4718-8768-050AF176721A}.Release|Any CPU.Build.0 = Release|Any CPU
		{41CECA0D-417F-4718-8768-050AF176721A}.Release|x64.ActiveCfg = Release|Any CPU
		{41CECA0D-417F-4718-8768-050AF176721A}.Release|x64.Build.0 = Release|Any CPU
		{41CECA0D-417F-4718-8768-050AF176721A}.Release|x86.ActiveCfg = Release|Any CPU
		{41CECA0D-417F-4718-8768-050AF176721A}.Release|x86.Build.0 = Release|Any CPU
		{31C07A55-E738-4F71-8C04-4AD44698F3DC}.Debug|Any CPU.ActiveCfg = Debug|Any CPU
		{31C07A55-E738-4F71-8C04-4AD44698F3DC}.Debug|Any CPU.Build.0 = Debug|Any CPU
		{31C07A55-E738-4F71-8C04-4AD44698F3DC}.Debug|x64.ActiveCfg = Debug|Any CPU
		{31C07A55-E738-4F71-8C04-4AD44698F3DC}.Debug|x64.Build.0 = Debug|Any CPU
		{31C07A55-E738-4F71-8C04-4AD44698F3DC}.Debug|x86.ActiveCfg = Debug|Any CPU
		{31C07A55-E738-4F71-8C04-4AD44698F3DC}.Debug|x86.Build.0 = Debug|Any CPU
		{31C07A55-E738-4F71-8C04-4AD44698F3DC}.Release|Any CPU.ActiveCfg = Release|Any CPU
		{31C07A55-E738-4F71-8C04-4AD44698F3DC}.Release|Any CPU.Build.0 = Release|Any CPU
		{31C07A55-E738-4F71-8C04-4AD44698F3DC}.Release|x64.ActiveCfg = Release|Any CPU
		{31C07A55-E738-4F71-8C04-4AD44698F3DC}.Release|x64.Build.0 = Release|Any CPU
		{31C07A55-E738-4F71-8C04-4AD44698F3DC}.Release|x86.ActiveCfg = Release|Any CPU
		{31C07A55-E738-4F71-8C04-4AD44698F3DC}.Release|x86.Build.0 = Release|Any CPU
		{0FBD5045-9F74-4087-967F-61A973321993}.Debug|Any CPU.ActiveCfg = Debug|Any CPU
		{0FBD5045-9F74-4087-967F-61A973321993}.Debug|Any CPU.Build.0 = Debug|Any CPU
		{0FBD5045-9F74-4087-967F-61A973321993}.Debug|x64.ActiveCfg = Debug|Any CPU
		{0FBD5045-9F74-4087-967F-61A973321993}.Debug|x64.Build.0 = Debug|Any CPU
		{0FBD5045-9F74-4087-967F-61A973321993}.Debug|x86.ActiveCfg = Debug|Any CPU
		{0FBD5045-9F74-4087-967F-61A973321993}.Debug|x86.Build.0 = Debug|Any CPU
		{0FBD5045-9F74-4087-967F-61A973321993}.Release|Any CPU.ActiveCfg = Release|Any CPU
		{0FBD5045-9F74-4087-967F-61A973321993}.Release|Any CPU.Build.0 = Release|Any CPU
		{0FBD5045-9F74-4087-967F-61A973321993}.Release|x64.ActiveCfg = Release|Any CPU
		{0FBD5045-9F74-4087-967F-61A973321993}.Release|x64.Build.0 = Release|Any CPU
		{0FBD5045-9F74-4087-967F-61A973321993}.Release|x86.ActiveCfg = Release|Any CPU
		{0FBD5045-9F74-4087-967F-61A973321993}.Release|x86.Build.0 = Release|Any CPU
	EndGlobalSection
	GlobalSection(SolutionProperties) = preSolution
		HideSolutionNode = FALSE
	EndGlobalSection
EndGlobal
